
Microsoft Visual Studio Solution File, Format Version 12.00
# Visual Studio Version 16
VisualStudioVersion = 16.0.29509.3
MinimumVisualStudioVersion = 10.0.40219.1
Project("{FAE04EC0-301F-11D3-BF4B-00C04F79EFBC}") = "QuanLyBanSach", "QuanLyBanSach\QuanLyBanSach.csproj", "{F711D6A3-7F2D-4911-AADF-B00D7AF4B188}"
EndProject
Global
	GlobalSection(SolutionConfigurationPlatforms) = preSolution
		Debug|Any CPU = Debug|Any CPU
		Release|Any CPU = Release|Any CPU
	EndGlobalSection
	GlobalSection(ProjectConfigurationPlatforms) = postSolution
		{F711D6A3-7F2D-4911-AADF-B00D7AF4B188}.Debug|Any CPU.ActiveCfg = Debug|Any CPU
		{F711D6A3-7F2D-4911-AADF-B00D7AF4B188}.Debug|Any CPU.Build.0 = Debug|Any CPU
		{F711D6A3-7F2D-4911-AADF-B00D7AF4B188}.Release|Any CPU.ActiveCfg = Release|Any CPU
		{F711D6A3-7F2D-4911-AADF-B00D7AF4B188}.Release|Any CPU.Build.0 = Release|Any CPU
	EndGlobalSection
	GlobalSection(SolutionProperties) = preSolution
		HideSolutionNode = FALSE
	EndGlobalSection
	GlobalSection(ExtensibilityGlobals) = postSolution
		SolutionGuid = {169FB522-25A3-4ADB-8EB2-3D3F2549EAEB}
	EndGlobalSection
EndGlobal
